
Microsoft Visual Studio Solution File, Format Version 12.00
# Visual Studio 15
VisualStudioVersion = 15.0.27703.2035
MinimumVisualStudioVersion = 10.0.40219.1
Project("{FAE04EC0-301F-11D3-BF4B-00C04F79EFBC}") = "Мобильный справочник", "Мобильный справочник\Мобильный справочник.csproj", "{950CE7B5-218C-4DEB-8AA2-FED208888526}"
EndProject
Global
	GlobalSection(SolutionConfigurationPlatforms) = preSolution
		Debug|Any CPU = Debug|Any CPU
		Release|Any CPU = Release|Any CPU
	EndGlobalSection
	GlobalSection(ProjectConfigurationPlatforms) = postSolution
		{950CE7B5-218C-4DEB-8AA2-FED208888526}.Debug|Any CPU.ActiveCfg = Debug|Any CPU
		{950CE7B5-218C-4DEB-8AA2-FED208888526}.Debug|Any CPU.Build.0 = Debug|Any CPU
		{950CE7B5-218C-4DEB-8AA2-FED208888526}.Release|Any CPU.ActiveCfg = Release|Any CPU
		{950CE7B5-218C-4DEB-8AA2-FED208888526}.Release|Any CPU.Build.0 = Release|Any CPU
	EndGlobalSection
	GlobalSection(SolutionProperties) = preSolution
		HideSolutionNode = FALSE
	EndGlobalSection
	GlobalSection(ExtensibilityGlobals) = postSolution
		SolutionGuid = {04E7D080-3EFD-4876-A684-3C72088EEFFC}
	EndGlobalSection
EndGlobal
